// !$*UTF8*$!
{
	archiveVersion = 1;
	classes = {
	};
	objectVersion = 50;
	objects = {

/* Begin PBXBuildFile section */
		30F4AE3D22DAC2BF0053B8B3 /* AppDelegate.swift in Sources */ = {isa = PBXBuildFile; fileRef = 30F4AE3C22DAC2BF0053B8B3 /* AppDelegate.swift */; };
		30F4AE3F22DAC2BF0053B8B3 /* SceneDelegate.swift in Sources */ = {isa = PBXBuildFile; fileRef = 30F4AE3E22DAC2BF0053B8B3 /* SceneDelegate.swift */; };
		30F4AE4122DAC2BF0053B8B3 /* ContentView.swift in Sources */ = {isa = PBXBuildFile; fileRef = 30F4AE4022DAC2BF0053B8B3 /* ContentView.swift */; };
		30F4AE4322DAC2C10053B8B3 /* Assets.xcassets in Resources */ = {isa = PBXBuildFile; fileRef = 30F4AE4222DAC2C10053B8B3 /* Assets.xcassets */; };
		30F4AE4622DAC2C10053B8B3 /* Preview Assets.xcassets in Resources */ = {isa = PBXBuildFile; fileRef = 30F4AE4522DAC2C10053B8B3 /* Preview Assets.xcassets */; };
		30F4AE4922DAC2C10053B8B3 /* LaunchScreen.storyboard in Resources */ = {isa = PBXBuildFile; fileRef = 30F4AE4722DAC2C10053B8B3 /* LaunchScreen.storyboard */; };
		30F4AE5422DAC2C10053B8B3 /* RickNMortyTests.swift in Sources */ = {isa = PBXBuildFile; fileRef = 30F4AE5322DAC2C10053B8B3 /* RickNMortyTests.swift */; };
/* End PBXBuildFile section */

/* Begin PBXContainerItemProxy section */
		30F4AE5022DAC2C10053B8B3 /* PBXContainerItemProxy */ = {
			isa = PBXContainerItemProxy;
			containerPortal = 30F4AE3122DAC2BF0053B8B3 /* Project object */;
			proxyType = 1;
			remoteGlobalIDString = 30F4AE3822DAC2BF0053B8B3;
			remoteInfo = RickNMorty;
		};
/* End PBXContainerItemProxy section */

/* Begin PBXFileReference section */
		30F4AE3922DAC2BF0053B8B3 /* RickNMorty.app */ = {isa = PBXFileReference; explicitFileType = wrapper.application; includeInIndex = 0; path = RickNMorty.app; sourceTree = BUILT_PRODUCTS_DIR; };
		30F4AE3C22DAC2BF0053B8B3 /* AppDelegate.swift */ = {isa = PBXFileReference; lastKnownFileType = sourcecode.swift; path = AppDelegate.swift; sourceTree = "<group>"; };
		30F4AE3E22DAC2BF0053B8B3 /* SceneDelegate.swift */ = {isa = PBXFileReference; lastKnownFileType = sourcecode.swift; path = SceneDelegate.swift; sourceTree = "<group>"; };
		30F4AE4022DAC2BF0053B8B3 /* ContentView.swift */ = {isa = PBXFileReference; lastKnownFileType = sourcecode.swift; path = ContentView.swift; sourceTree = "<group>"; };
		30F4AE4222DAC2C10053B8B3 /* Assets.xcassets */ = {isa = PBXFileReference; lastKnownFileType = folder.assetcatalog; path = Assets.xcassets; sourceTree = "<group>"; };
		30F4AE4522DAC2C10053B8B3 /* Preview Assets.xcassets */ = {isa = PBXFileReference; lastKnownFileType = folder.assetcatalog; path = "Preview Assets.xcassets"; sourceTree = "<group>"; };
		30F4AE4822DAC2C10053B8B3 /* Base */ = {isa = PBXFileReference; lastKnownFileType = file.storyboard; name = Base; path = Base.lproj/LaunchScreen.storyboard; sourceTree = "<group>"; };
		30F4AE4A22DAC2C10053B8B3 /* Info.plist */ = {isa = PBXFileReference; lastKnownFileType = text.plist.xml; path = Info.plist; sourceTree = "<group>"; };
		30F4AE4F22DAC2C10053B8B3 /* RickNMortyTests.xctest */ = {isa = PBXFileReference; explicitFileType = wrapper.cfbundle; includeInIndex = 0; path = RickNMortyTests.xctest; sourceTree = BUILT_PRODUCTS_DIR; };
		30F4AE5322DAC2C10053B8B3 /* RickNMortyTests.swift */ = {isa = PBXFileReference; lastKnownFileType = sourcecode.swift; path = RickNMortyTests.swift; sourceTree = "<group>"; };
		30F4AE5522DAC2C10053B8B3 /* Info.plist */ = {isa = PBXFileReference; lastKnownFileType = text.plist.xml; path = Info.plist; sourceTree = "<group>"; };
/* End PBXFileReference section */

/* Begin PBXFrameworksBuildPhase section */
		30F4AE3622DAC2BF0053B8B3 /* Frameworks */ = {
			isa = PBXFrameworksBuildPhase;
			buildActionMask = 2147483647;
			files = (
			);
			runOnlyForDeploymentPostprocessing = 0;
		};
		30F4AE4C22DAC2C10053B8B3 /* Frameworks */ = {
			isa = PBXFrameworksBuildPhase;
			buildActionMask = 2147483647;
			files = (
			);
			runOnlyForDeploymentPostprocessing = 0;
		};
/* End PBXFrameworksBuildPhase section */

/* Begin PBXGroup section */
		30F4AE3022DAC2BF0053B8B3 = {
			isa = PBXGroup;
			children = (
				30F4AE3B22DAC2BF0053B8B3 /* RickNMorty */,
				30F4AE5222DAC2C10053B8B3 /* RickNMortyTests */,
				30F4AE3A22DAC2BF0053B8B3 /* Products */,
			);
			sourceTree = "<group>";
		};
		30F4AE3A22DAC2BF0053B8B3 /* Products */ = {
			isa = PBXGroup;
			children = (
				30F4AE3922DAC2BF0053B8B3 /* RickNMorty.app */,
				30F4AE4F22DAC2C10053B8B3 /* RickNMortyTests.xctest */,
			);
			name = Products;
			sourceTree = "<group>";
		};
		30F4AE3B22DAC2BF0053B8B3 /* RickNMorty */ = {
			isa = PBXGroup;
			children = (
				30F4AE3C22DAC2BF0053B8B3 /* AppDelegate.swift */,
				30F4AE3E22DAC2BF0053B8B3 /* SceneDelegate.swift */,
				30F4AE4022DAC2BF0053B8B3 /* ContentView.swift */,
				30F4AE4222DAC2C10053B8B3 /* Assets.xcassets */,
				30F4AE4722DAC2C10053B8B3 /* LaunchScreen.storyboard */,
				30F4AE4A22DAC2C10053B8B3 /* Info.plist */,
				30F4AE4422DAC2C10053B8B3 /* Preview Content */,
			);
			path = RickNMorty;
			sourceTree = "<group>";
		};
		30F4AE4422DAC2C10053B8B3 /* Preview Content */ = {
			isa = PBXGroup;
			children = (
				30F4AE4522DAC2C10053B8B3 /* Preview Assets.xcassets */,
			);
			path = "Preview Content";
			sourceTree = "<group>";
		};
		30F4AE5222DAC2C10053B8B3 /* RickNMortyTests */ = {
			isa = PBXGroup;
			children = (
				30F4AE5322DAC2C10053B8B3 /* RickNMortyTests.swift */,
				30F4AE5522DAC2C10053B8B3 /* Info.plist */,
			);
			path = RickNMortyTests;
			sourceTree = "<group>";
		};
/* End PBXGroup section */

/* Begin PBXNativeTarget section */
		30F4AE3822DAC2BF0053B8B3 /* RickNMorty */ = {
			isa = PBXNativeTarget;
			buildConfigurationList = 30F4AE5822DAC2C10053B8B3 /* Build configuration list for PBXNativeTarget "RickNMorty" */;
			buildPhases = (
				30F4AE3522DAC2BF0053B8B3 /* Sources */,
				30F4AE3622DAC2BF0053B8B3 /* Frameworks */,
				30F4AE3722DAC2BF0053B8B3 /* Resources */,
			);
			buildRules = (
			);
			dependencies = (
			);
			name = RickNMorty;
			productName = RickNMorty;
			productReference = 30F4AE3922DAC2BF0053B8B3 /* RickNMorty.app */;
			productType = "com.apple.product-type.application";
		};
		30F4AE4E22DAC2C10053B8B3 /* RickNMortyTests */ = {
			isa = PBXNativeTarget;
			buildConfigurationList = 30F4AE5B22DAC2C10053B8B3 /* Build configuration list for PBXNativeTarget "RickNMortyTests" */;
			buildPhases = (
				30F4AE4B22DAC2C10053B8B3 /* Sources */,
				30F4AE4C22DAC2C10053B8B3 /* Frameworks */,
				30F4AE4D22DAC2C10053B8B3 /* Resources */,
			);
			buildRules = (
			);
			dependencies = (
				30F4AE5122DAC2C10053B8B3 /* PBXTargetDependency */,
			);
			name = RickNMortyTests;
			productName = RickNMortyTests;
			productReference = 30F4AE4F22DAC2C10053B8B3 /* RickNMortyTests.xctest */;
			productType = "com.apple.product-type.bundle.unit-test";
		};
/* End PBXNativeTarget section */

/* Begin PBXProject section */
		30F4AE3122DAC2BF0053B8B3 /* Project object */ = {
			isa = PBXProject;
			attributes = {
				LastSwiftUpdateCheck = 1100;
				LastUpgradeCheck = 1100;
				ORGANIZATIONNAME = "Khalid Asad";
				TargetAttributes = {
					30F4AE3822DAC2BF0053B8B3 = {
						CreatedOnToolsVersion = 11.0;
					};
					30F4AE4E22DAC2C10053B8B3 = {
						CreatedOnToolsVersion = 11.0;
						TestTargetID = 30F4AE3822DAC2BF0053B8B3;
					};
				};
			};
			buildConfigurationList = 30F4AE3422DAC2BF0053B8B3 /* Build configuration list for PBXProject "RickNMorty" */;
			compatibilityVersion = "Xcode 9.3";
			developmentRegion = en;
			hasScannedForEncodings = 0;
			knownRegions = (
				en,
				Base,
			);
			mainGroup = 30F4AE3022DAC2BF0053B8B3;
			productRefGroup = 30F4AE3A22DAC2BF0053B8B3 /* Products */;
			projectDirPath = "";
			projectRoot = "";
			targets = (
				30F4AE3822DAC2BF0053B8B3 /* RickNMorty */,
				30F4AE4E22DAC2C10053B8B3 /* RickNMortyTests */,
			);
		};
/* End PBXProject section */

/* Begin PBXResourcesBuildPhase section */
		30F4AE3722DAC2BF0053B8B3 /* Resources */ = {
			isa = PBXResourcesBuildPhase;
			buildActionMask = 2147483647;
			files = (
				30F4AE4922DAC2C10053B8B3 /* LaunchScreen.storyboard in Resources */,
				30F4AE4622DAC2C10053B8B3 /* Preview Assets.xcassets in Resources */,
				30F4AE4322DAC2C10053B8B3 /* Assets.xcassets in Resources */,
			);
			runOnlyForDeploymentPostprocessing = 0;
		};
		30F4AE4D22DAC2C10053B8B3 /* Resources */ = {
			isa = PBXResourcesBuildPhase;
			buildActionMask = 2147483647;
			files = (
			);
			runOnlyForDeploymentPostprocessing = 0;
		};
/* End PBXResourcesBuildPhase section */

/* Begin PBXSourcesBuildPhase section */
		30F4AE3522DAC2BF0053B8B3 /* Sources */ = {
			isa = PBXSourcesBuildPhase;
			buildActionMask = 2147483647;
			files = (
				30F4AE3D22DAC2BF0053B8B3 /* AppDelegate.swift in Sources */,
				30F4AE3F22DAC2BF0053B8B3 /* SceneDelegate.swift in Sources */,
				30F4AE4122DAC2BF0053B8B3 /* ContentView.swift in Sources */,
			);
			runOnlyForDeploymentPostprocessing = 0;
		};
		30F4AE4B22DAC2C10053B8B3 /* Sources */ = {
			isa = PBXSourcesBuildPhase;
			buildActionMask = 2147483647;
			files = (
				30F4AE5422DAC2C10053B8B3 /* RickNMortyTests.swift in Sources */,
			);
			runOnlyForDeploymentPostprocessing = 0;
		};
/* End PBXSourcesBuildPhase section */

/* Begin PBXTargetDependency section */
		30F4AE5122DAC2C10053B8B3 /* PBXTargetDependency */ = {
			isa = PBXTargetDependency;
			target = 30F4AE3822DAC2BF0053B8B3 /* RickNMorty */;
			targetProxy = 30F4AE5022DAC2C10053B8B3 /* PBXContainerItemProxy */;
		};
/* End PBXTargetDependency section */

/* Begin PBXVariantGroup section */
		30F4AE4722DAC2C10053B8B3 /* LaunchScreen.storyboard */ = {
			isa = PBXVariantGroup;
			children = (
				30F4AE4822DAC2C10053B8B3 /* Base */,
			);
			name = LaunchScreen.storyboard;
			sourceTree = "<group>";
		};
/* End PBXVariantGroup section */

/* Begin XCBuildConfiguration section */
		30F4AE5622DAC2C10053B8B3 /* Debug */ = {
			isa = XCBuildConfiguration;
			buildSettings = {
				ALWAYS_SEARCH_USER_PATHS = NO;
				CLANG_ANALYZER_NONNULL = YES;
				CLANG_ANALYZER_NUMBER_OBJECT_CONVERSION = YES_AGGRESSIVE;
				CLANG_CXX_LANGUAGE_STANDARD = "gnu++14";
				CLANG_CXX_LIBRARY = "libc++";
				CLANG_ENABLE_MODULES = YES;
				CLANG_ENABLE_OBJC_ARC = YES;
				CLANG_ENABLE_OBJC_WEAK = YES;
				CLANG_WARN_BLOCK_CAPTURE_AUTORELEASING = YES;
				CLANG_WARN_BOOL_CONVERSION = YES;
				CLANG_WARN_COMMA = YES;
				CLANG_WARN_CONSTANT_CONVERSION = YES;
				CLANG_WARN_DEPRECATED_OBJC_IMPLEMENTATIONS = YES;
				CLANG_WARN_DIRECT_OBJC_ISA_USAGE = YES_ERROR;
				CLANG_WARN_DOCUMENTATION_COMMENTS = YES;
				CLANG_WARN_EMPTY_BODY = YES;
				CLANG_WARN_ENUM_CONVERSION = YES;
				CLANG_WARN_INFINITE_RECURSION = YES;
				CLANG_WARN_INT_CONVERSION = YES;
				CLANG_WARN_NON_LITERAL_NULL_CONVERSION = YES;
				CLANG_WARN_OBJC_IMPLICIT_RETAIN_SELF = YES;
				CLANG_WARN_OBJC_LITERAL_CONVERSION = YES;
				CLANG_WARN_OBJC_ROOT_CLASS = YES_ERROR;
				CLANG_WARN_RANGE_LOOP_ANALYSIS = YES;
				CLANG_WARN_STRICT_PROTOTYPES = YES;
				CLANG_WARN_SUSPICIOUS_MOVE = YES;
				CLANG_WARN_UNGUARDED_AVAILABILITY = YES_AGGRESSIVE;
				CLANG_WARN_UNREACHABLE_CODE = YES;
				CLANG_WARN__DUPLICATE_METHOD_MATCH = YES;
				COPY_PHASE_STRIP = NO;
				DEBUG_INFORMATION_FORMAT = dwarf;
				ENABLE_STRICT_OBJC_MSGSEND = YES;
				ENABLE_TESTABILITY = YES;
				GCC_C_LANGUAGE_STANDARD = gnu11;
				GCC_DYNAMIC_NO_PIC = NO;
				GCC_NO_COMMON_BLOCKS = YES;
				GCC_OPTIMIZATION_LEVEL = 0;
				GCC_PREPROCESSOR_DEFINITIONS = (
					"DEBUG=1",
					"$(inherited)",
				);
				GCC_WARN_64_TO_32_BIT_CONVERSION = YES;
				GCC_WARN_ABOUT_RETURN_TYPE = YES_ERROR;
				GCC_WARN_UNDECLARED_SELECTOR = YES;
				GCC_WARN_UNINITIALIZED_AUTOS = YES_AGGRESSIVE;
				GCC_WARN_UNUSED_FUNCTION = YES;
				GCC_WARN_UNUSED_VARIABLE = YES;
				IPHONEOS_DEPLOYMENT_TARGET = 13.0;
				MTL_ENABLE_DEBUG_INFO = INCLUDE_SOURCE;
				MTL_FAST_MATH = YES;
				ONLY_ACTIVE_ARCH = YES;
				SDKROOT = iphoneos;
				SWIFT_ACTIVE_COMPILATION_CONDITIONS = DEBUG;
				SWIFT_OPTIMIZATION_LEVEL = "-Onone";
			};
			name = Debug;
		};
		30F4AE5722DAC2C10053B8B3 /* Release */ = {
			isa = XCBuildConfiguration;
			buildSettings = {
				ALWAYS_SEARCH_USER_PATHS = NO;
				CLANG_ANALYZER_NONNULL = YES;
				CLANG_ANALYZER_NUMBER_OBJECT_CONVERSION = YES_AGGRESSIVE;
				CLANG_CXX_LANGUAGE_STANDARD = "gnu++14";
				CLANG_CXX_LIBRARY = "libc++";
				CLANG_ENABLE_MODULES = YES;
				CLANG_ENABLE_OBJC_ARC = YES;
				CLANG_ENABLE_OBJC_WEAK = YES;
				CLANG_WARN_BLOCK_CAPTURE_AUTORELEASING = YES;
				CLANG_WARN_BOOL_CONVERSION = YES;
				CLANG_WARN_COMMA = YES;
				CLANG_WARN_CONSTANT_CONVERSION = YES;
				CLANG_WARN_DEPRECATED_OBJC_IMPLEMENTATIONS = YES;
				CLANG_WARN_DIRECT_OBJC_ISA_USAGE = YES_ERROR;
				CLANG_WARN_DOCUMENTATION_COMMENTS = YES;
				CLANG_WARN_EMPTY_BODY = YES;
				CLANG_WARN_ENUM_CONVERSION = YES;
				CLANG_WARN_INFINITE_RECURSION = YES;
				CLANG_WARN_INT_CONVERSION = YES;
				CLANG_WARN_NON_LITERAL_NULL_CONVERSION = YES;
				CLANG_WARN_OBJC_IMPLICIT_RETAIN_SELF = YES;
				CLANG_WARN_OBJC_LITERAL_CONVERSION = YES;
				CLANG_WARN_OBJC_ROOT_CLASS = YES_ERROR;
				CLANG_WARN_RANGE_LOOP_ANALYSIS = YES;
				CLANG_WARN_STRICT_PROTOTYPES = YES;
				CLANG_WARN_SUSPICIOUS_MOVE = YES;
				CLANG_WARN_UNGUARDED_AVAILABILITY = YES_AGGRESSIVE;
				CLANG_WARN_UNREACHABLE_CODE = YES;
				CLANG_WARN__DUPLICATE_METHOD_MATCH = YES;
				COPY_PHASE_STRIP = NO;
				DEBUG_INFORMATION_FORMAT = "dwarf-with-dsym";
				ENABLE_NS_ASSERTIONS = NO;
				ENABLE_STRICT_OBJC_MSGSEND = YES;
				GCC_C_LANGUAGE_STANDARD = gnu11;
				GCC_NO_COMMON_BLOCKS = YES;
				GCC_WARN_64_TO_32_BIT_CONVERSION = YES;
				GCC_WARN_ABOUT_RETURN_TYPE = YES_ERROR;
				GCC_WARN_UNDECLARED_SELECTOR = YES;
				GCC_WARN_UNINITIALIZED_AUTOS = YES_AGGRESSIVE;
				GCC_WARN_UNUSED_FUNCTION = YES;
				GCC_WARN_UNUSED_VARIABLE = YES;
				IPHONEOS_DEPLOYMENT_TARGET = 13.0;
				MTL_ENABLE_DEBUG_INFO = NO;
				MTL_FAST_MATH = YES;
				SDKROOT = iphoneos;
				SWIFT_COMPILATION_MODE = wholemodule;
				SWIFT_OPTIMIZATION_LEVEL = "-O";
				VALIDATE_PRODUCT = YES;
			};
			name = Release;
		};
		30F4AE5922DAC2C10053B8B3 /* Debug */ = {
			isa = XCBuildConfiguration;
			buildSettings = {
				ASSETCATALOG_COMPILER_APPICON_NAME = AppIcon;
				CODE_SIGN_STYLE = Automatic;
				DEVELOPMENT_ASSET_PATHS = "RickNMorty/Preview\\ Content";
				ENABLE_PREVIEWS = YES;
				INFOPLIST_FILE = RickNMorty/Info.plist;
				LD_RUNPATH_SEARCH_PATHS = (
					"$(inherited)",
					"@executable_path/Frameworks",
				);
				PRODUCT_BUNDLE_IDENTIFIER = Logismiko.RickNMorty;
				PRODUCT_NAME = "$(TARGET_NAME)";
				SWIFT_VERSION = 5.0;
				TARGETED_DEVICE_FAMILY = "1,2";
			};
			name = Debug;
		};
		30F4AE5A22DAC2C10053B8B3 /* Release */ = {
			isa = XCBuildConfiguration;
			buildSettings = {
				ASSETCATALOG_COMPILER_APPICON_NAME = AppIcon;
				CODE_SIGN_STYLE = Automatic;
				DEVELOPMENT_ASSET_PATHS = "RickNMorty/Preview\\ Content";
				ENABLE_PREVIEWS = YES;
				INFOPLIST_FILE = RickNMorty/Info.plist;
				LD_RUNPATH_SEARCH_PATHS = (
					"$(inherited)",
					"@executable_path/Frameworks",
				);
				PRODUCT_BUNDLE_IDENTIFIER = Logismiko.RickNMorty;
				PRODUCT_NAME = "$(TARGET_NAME)";
				SWIFT_VERSION = 5.0;
				TARGETED_DEVICE_FAMILY = "1,2";
			};
			name = Release;
		};
		30F4AE5C22DAC2C10053B8B3 /* Debug */ = {
			isa = XCBuildConfiguration;
			buildSettings = {
				ALWAYS_EMBED_SWIFT_STANDARD_LIBRARIES = YES;
				BUNDLE_LOADER = "$(TEST_HOST)";
				CODE_SIGN_STYLE = Automatic;
				INFOPLIST_FILE = RickNMortyTests/Info.plist;
				LD_RUNPATH_SEARCH_PATHS = (
					"$(inherited)",
					"@executable_path/Frameworks",
					"@loader_path/Frameworks",
				);
				PRODUCT_BUNDLE_IDENTIFIER = Logismiko.RickNMortyTests;
				PRODUCT_NAME = "$(TARGET_NAME)";
				SWIFT_VERSION = 5.0;
				TARGETED_DEVICE_FAMILY = "1,2";
				TEST_HOST = "$(BUILT_PRODUCTS_DIR)/RickNMorty.app/RickNMorty";
			};
			name = Debug;
		};
		30F4AE5D22DAC2C10053B8B3 /* Release */ = {
			isa = XCBuildConfiguration;
			buildSettings = {
				ALWAYS_EMBED_SWIFT_STANDARD_LIBRARIES = YES;
				BUNDLE_LOADER = "$(TEST_HOST)";
				CODE_SIGN_STYLE = Automatic;
				INFOPLIST_FILE = RickNMortyTests/Info.plist;
				LD_RUNPATH_SEARCH_PATHS = (
					"$(inherited)",
					"@executable_path/Frameworks",
					"@loader_path/Frameworks",
				);
				PRODUCT_BUNDLE_IDENTIFIER = Logismiko.RickNMortyTests;
				PRODUCT_NAME = "$(TARGET_NAME)";
				SWIFT_VERSION = 5.0;
				TARGETED_DEVICE_FAMILY = "1,2";
				TEST_HOST = "$(BUILT_PRODUCTS_DIR)/RickNMorty.app/RickNMorty";
			};
			name = Release;
		};
/* End XCBuildConfiguration section */

/* Begin XCConfigurationList section */
		30F4AE3422DAC2BF0053B8B3 /* Build configuration list for PBXProject "RickNMorty" */ = {
			isa = XCConfigurationList;
			buildConfigurations = (
				30F4AE5622DAC2C10053B8B3 /* Debug */,
				30F4AE5722DAC2C10053B8B3 /* Release */,
			);
			defaultConfigurationIsVisible = 0;
			defaultConfigurationName = Release;
		};
		30F4AE5822DAC2C10053B8B3 /* Build configuration list for PBXNativeTarget "RickNMorty" */ = {
			isa = XCConfigurationList;
			buildConfigurations = (
				30F4AE5922DAC2C10053B8B3 /* Debug */,
				30F4AE5A22DAC2C10053B8B3 /* Release */,
			);
			defaultConfigurationIsVisible = 0;
			defaultConfigurationName = Release;
		};
		30F4AE5B22DAC2C10053B8B3 /* Build configuration list for PBXNativeTarget "RickNMortyTests" */ = {
			isa = XCConfigurationList;
			buildConfigurations = (
				30F4AE5C22DAC2C10053B8B3 /* Debug */,
				30F4AE5D22DAC2C10053B8B3 /* Release */,
			);
			defaultConfigurationIsVisible = 0;
			defaultConfigurationName = Release;
		};
/* End XCConfigurationList section */
	};
	rootObject = 30F4AE3122DAC2BF0053B8B3 /* Project object */;
}
